
Microsoft Visual Studio Solution File, Format Version 12.00
# Visual Studio Version 17
VisualStudioVersion = 17.14.36518.9 d17.14
MinimumVisualStudioVersion = 10.0.40219.1
Project("{2150E333-8FDC-42A3-9474-1A3956D46DE8}") = "Task0", "Task0", "{02EA681E-C7D8-13C7-8484-4AC65E1B71E8}"
EndProject
Project("{FAE04EC0-301F-11D3-BF4B-00C04F79EFBC}") = "Tyuiu.ReshetovaAA.Sprint1.Task0.V26", "Tyuiu.ReshetovaAA.Sprint1.Task0.V26\Tyuiu.ReshetovaAA.Sprint1.Task0.V26.csproj", "{80F8F8E6-F154-445A-8B06-54A1D88C7858}"
EndProject
Project("{FAE04EC0-301F-11D3-BF4B-00C04F79EFBC}") = "Tyuiu.ReshetovaAA.Sprint1.Task0.V26.Lib", "Tyuiu.ReshetovaAA.Sprint1.Task0.V26.Lib\Tyuiu.ReshetovaAA.Sprint1.Task0.V26.Lib.csproj", "{01E6667D-3B41-465E-8ADA-C8123C929A90}"
EndProject
Project("{FAE04EC0-301F-11D3-BF4B-00C04F79EFBC}") = "Tyuiu.ReshetovaAA.Sprint1.Task0.V26.Test", "Tyuiu.ReshetovaAA.Sprint1.Task0.V26.Test\Tyuiu.ReshetovaAA.Sprint1.Task0.V26.Test.csproj", "{5E8CD871-5AAE-4ABE-B32D-C3FA96C0B3FD}"
EndProject
Global
	GlobalSection(SolutionConfigurationPlatforms) = preSolution
		Debug|Any CPU = Debug|Any CPU
		Release|Any CPU = Release|Any CPU
	EndGlobalSection
	GlobalSection(ProjectConfigurationPlatforms) = postSolution
		{80F8F8E6-F154-445A-8B06-54A1D88C7858}.Debug|Any CPU.ActiveCfg = Debug|Any CPU
		{80F8F8E6-F154-445A-8B06-54A1D88C7858}.Debug|Any CPU.Build.0 = Debug|Any CPU
		{80F8F8E6-F154-445A-8B06-54A1D88C7858}.Release|Any CPU.ActiveCfg = Release|Any CPU
		{80F8F8E6-F154-445A-8B06-54A1D88C7858}.Release|Any CPU.Build.0 = Release|Any CPU
		{01E6667D-3B41-465E-8ADA-C8123C929A90}.Debug|Any CPU.ActiveCfg = Debug|Any CPU
		{01E6667D-3B41-465E-8ADA-C8123C929A90}.Debug|Any CPU.Build.0 = Debug|Any CPU
		{01E6667D-3B41-465E-8ADA-C8123C929A90}.Release|Any CPU.ActiveCfg = Release|Any CPU
		{01E6667D-3B41-465E-8ADA-C8123C929A90}.Release|Any CPU.Build.0 = Release|Any CPU
		{5E8CD871-5AAE-4ABE-B32D-C3FA96C0B3FD}.Debug|Any CPU.ActiveCfg = Debug|Any CPU
		{5E8CD871-5AAE-4ABE-B32D-C3FA96C0B3FD}.Debug|Any CPU.Build.0 = Debug|Any CPU
		{5E8CD871-5AAE-4ABE-B32D-C3FA96C0B3FD}.Release|Any CPU.ActiveCfg = Release|Any CPU
		{5E8CD871-5AAE-4ABE-B32D-C3FA96C0B3FD}.Release|Any CPU.Build.0 = Release|Any CPU
	EndGlobalSection
	GlobalSection(SolutionProperties) = preSolution
		HideSolutionNode = FALSE
	EndGlobalSection
	GlobalSection(NestedProjects) = preSolution
		{80F8F8E6-F154-445A-8B06-54A1D88C7858} = {02EA681E-C7D8-13C7-8484-4AC65E1B71E8}
		{01E6667D-3B41-465E-8ADA-C8123C929A90} = {02EA681E-C7D8-13C7-8484-4AC65E1B71E8}
		{5E8CD871-5AAE-4ABE-B32D-C3FA96C0B3FD} = {02EA681E-C7D8-13C7-8484-4AC65E1B71E8}
	EndGlobalSection
	GlobalSection(ExtensibilityGlobals) = postSolution
		SolutionGuid = {7D627121-1208-455B-8B4A-3E8CEDA4395B}
	EndGlobalSection
EndGlobal
