
Microsoft Visual Studio Solution File, Format Version 12.00
# Visual Studio Version 17
VisualStudioVersion = 17.14.36518.9
MinimumVisualStudioVersion = 10.0.40219.1
Project("{2150E333-8FDC-42A3-9474-1A3956D46DE8}") = "Task0", "Task0", "{02EA681E-C7D8-13C7-8484-4AC65E1B71E8}"
EndProject
Project("{FAE04EC0-301F-11D3-BF4B-00C04F79EFBC}") = "Tyuiu.ReshetovaAA.Sprint1.Task0.V26", "Tyuiu.ReshetovaAA.Sprint1.Task0.V26\Tyuiu.ReshetovaAA.Sprint1.Task0.V26.csproj", "{80F8F8E6-F154-445A-8B06-54A1D88C7858}"
EndProject
Project("{FAE04EC0-301F-11D3-BF4B-00C04F79EFBC}") = "Tyuiu.ReshetovaAA.Sprint1.Task0.V26.Lib", "Tyuiu.ReshetovaAA.Sprint1.Task0.V26.Lib\Tyuiu.ReshetovaAA.Sprint1.Task0.V26.Lib.csproj", "{01E6667D-3B41-465E-8ADA-C8123C929A90}"
EndProject
Project("{FAE04EC0-301F-11D3-BF4B-00C04F79EFBC}") = "Tyuiu.ReshetovaAA.Sprint1.Task0.V26.Test", "Tyuiu.ReshetovaAA.Sprint1.Task0.V26.Test\Tyuiu.ReshetovaAA.Sprint1.Task0.V26.Test.csproj", "{5E8CD871-5AAE-4ABE-B32D-C3FA96C0B3FD}"
EndProject
Project("{2150E333-8FDC-42A3-9474-1A3956D46DE8}") = "Task1", "Task1", "{CDBA3B0C-9C67-40EC-A215-8AC6E5B4571B}"
EndProject
Project("{FAE04EC0-301F-11D3-BF4B-00C04F79EFBC}") = "Tyuiu.ReshetovaAA.Sprint1.Task1.V22", "Tyuiu.ReshetovaAA.Sprint1.Task1.V22\Tyuiu.ReshetovaAA.Sprint1.Task1.V22.csproj", "{F4DEE891-57F0-43E9-A767-D82B7B0A4C82}"
EndProject
Project("{FAE04EC0-301F-11D3-BF4B-00C04F79EFBC}") = "Tyuiu.ReshetovaAA.Sprint1.Task1.V22.Lib", "Tyuiu.ReshetovaAA.Sprint1.Task1.V22.Lib\Tyuiu.ReshetovaAA.Sprint1.Task1.V22.Lib.csproj", "{A6A164BF-ACA7-493C-9AFA-B695BFF5A7F8}"
EndProject
Project("{FAE04EC0-301F-11D3-BF4B-00C04F79EFBC}") = "Tyuiu.ReshetovaAA.Sprint1.Task1.V22.Test", "Tyuiu.ReshetovaAA.Sprint1.Task1.V22.Test\Tyuiu.ReshetovaAA.Sprint1.Task1.V22.Test.csproj", "{4BC0DCF7-264A-4FE0-A8A7-4ABE6CCD68B2}"
EndProject
Project("{2150E333-8FDC-42A3-9474-1A3956D46DE8}") = "Task2", "Task2", "{E7BCD8C4-0174-44CB-8278-C450147C6CA4}"
EndProject
Project("{FAE04EC0-301F-11D3-BF4B-00C04F79EFBC}") = "Tyuiu.ReshetovaAA.Sprint1.Task2.V12", "Tyuiu.ReshetovaAA.Sprint1.Task2.V12\Tyuiu.ReshetovaAA.Sprint1.Task2.V12.csproj", "{D373A92C-022A-4C20-AA00-8BFC1D7DD5CD}"
EndProject
Project("{FAE04EC0-301F-11D3-BF4B-00C04F79EFBC}") = "Tyuiu.ReshetovaAA.Sprint1.Task2.V12.Test", "Tyuiu.ReshetovaAA.Sprint1.Task2.V12.Test\Tyuiu.ReshetovaAA.Sprint1.Task2.V12.Test.csproj", "{95EE110E-C195-48F1-A9B6-851835A2E924}"
EndProject
Project("{FAE04EC0-301F-11D3-BF4B-00C04F79EFBC}") = "Tyuiu.ReshetovaAA.Sprint1.Task2.V12.Lib", "Tyuiu.ReshetovaAA.Sprint1.Task2.V12.Lib\Tyuiu.ReshetovaAA.Sprint1.Task2.V12.Lib.csproj", "{5EEBFE63-7685-44FF-840E-8037EE37EC3E}"
EndProject
Project("{2150E333-8FDC-42A3-9474-1A3956D46DE8}") = "Task3", "Task3", "{76E53101-0A11-40D7-9EDD-B0599E37ADD0}"
EndProject
Project("{FAE04EC0-301F-11D3-BF4B-00C04F79EFBC}") = "Tyuiu.ReshetovaAA.Sprint1.Task3.V8.Lib", "Tyuiu.ReshetovaAA.Sprint1.Task3.V8.Lib\Tyuiu.ReshetovaAA.Sprint1.Task3.V8.Lib.csproj", "{D673FEE2-C6C0-49B7-A46D-FBE02972B6ED}"
EndProject
Project("{FAE04EC0-301F-11D3-BF4B-00C04F79EFBC}") = "Tyuiu.ReshetovaAA.Sprint1.Task3.V8", "Tyuiu.ReshetovaAA.Sprint1.Task3.V8\Tyuiu.ReshetovaAA.Sprint1.Task3.V8.csproj", "{BC47EB14-6D59-4079-9127-F311565E420E}"
EndProject
Project("{FAE04EC0-301F-11D3-BF4B-00C04F79EFBC}") = "Tyuiu.ReshetovaAA.Sprint1.Task3.V8.Test", "Tyuiu.ReshetovaAA.Sprint1.Task3.V8.Test\Tyuiu.ReshetovaAA.Sprint1.Task3.V8.Test.csproj", "{6F78A7CA-6FC6-471A-B873-FC3AECCAAA7E}"
EndProject
Project("{2150E333-8FDC-42A3-9474-1A3956D46DE8}") = "Task4", "Task4", "{9807D046-90A4-463E-AADA-A2A8BBA1D3D1}"
EndProject
Project("{FAE04EC0-301F-11D3-BF4B-00C04F79EFBC}") = "Tyuiu.ReshetovaAA.Sprint1.Task4.V26", "Tyuiu.ReshetovaAA.Sprint1.Task4.V26\Tyuiu.ReshetovaAA.Sprint1.Task4.V26.csproj", "{B558F8F5-EBBD-4A38-AC8C-25655A7FAC31}"
EndProject
Project("{FAE04EC0-301F-11D3-BF4B-00C04F79EFBC}") = "Tyuiu.ReshetovaAA.Sprint1.Task4.V26.Test", "Tyuiu.ReshetovaAA.Sprint1.Task4.V26.Test\Tyuiu.ReshetovaAA.Sprint1.Task4.V26.Test.csproj", "{B48CEFD3-D912-4E53-8EDE-B4A693BAA8D4}"
EndProject
Project("{FAE04EC0-301F-11D3-BF4B-00C04F79EFBC}") = "Tyuiu.ReshetovaAA.Sprint1.Task4.V26.Lib", "Tyuiu.ReshetovaAA.Sprint1.Task4.V26.Lib\Tyuiu.ReshetovaAA.Sprint1.Task4.V26.Lib.csproj", "{731DCF50-F20B-4921-919E-DA7658FDF197}"
EndProject
Project("{2150E333-8FDC-42A3-9474-1A3956D46DE8}") = "Task5", "Task5", "{7A072EBB-E943-4AB3-8B31-4A224601779C}"
EndProject
Project("{FAE04EC0-301F-11D3-BF4B-00C04F79EFBC}") = "Tyuiu.ReshetovaAA.Sprint1.Task5.V3", "Tyuiu.ReshetovaAA.Sprint1.Task5.V3\Tyuiu.ReshetovaAA.Sprint1.Task5.V3.csproj", "{ED993EC9-708E-4021-A473-007E3919F969}"
EndProject
Project("{FAE04EC0-301F-11D3-BF4B-00C04F79EFBC}") = "Tyuiu.ReshetovaAA.Sprint1.Task5.V3.Lib", "Tyuiu.ReshetovaAA.Sprint1.Task5.V3.Lib\Tyuiu.ReshetovaAA.Sprint1.Task5.V3.Lib.csproj", "{4A5C1077-23D1-4538-82C1-455E2382E7B5}"
EndProject
Project("{FAE04EC0-301F-11D3-BF4B-00C04F79EFBC}") = "Tyuiu.ReshetovaAA.Sprint1.Task5.V3.Test", "Tyuiu.ReshetovaAA.Sprint1.Task5.V3.Test\Tyuiu.ReshetovaAA.Sprint1.Task5.V3.Test.csproj", "{BEA9567B-048D-4B36-846F-BCBAE314C67F}"
EndProject
Project("{2150E333-8FDC-42A3-9474-1A3956D46DE8}") = "Task6", "Task6", "{62E9FDE4-ECD8-4136-B298-BC8CF2AC0686}"
EndProject
Project("{FAE04EC0-301F-11D3-BF4B-00C04F79EFBC}") = "Tyuiu.ReshetovaAA.Sprint1.Task6.V11", "Tyuiu.ReshetovaAA.Sprint1.Task6.V11\Tyuiu.ReshetovaAA.Sprint1.Task6.V11.csproj", "{0BFD2305-0402-45D5-9071-C74BDBD7ECFA}"
EndProject
Project("{FAE04EC0-301F-11D3-BF4B-00C04F79EFBC}") = "Tyuiu.ReshetovaAA.Sprint1.Task6.V11.Test", "Tyuiu.ReshetovaAA.Sprint1.Task6.V11.Test\Tyuiu.ReshetovaAA.Sprint1.Task6.V11.Test.csproj", "{102E9591-DFBF-4659-BD3A-F9DD95261C07}"
EndProject
Project("{FAE04EC0-301F-11D3-BF4B-00C04F79EFBC}") = "Tyuiu.ReshetovaAA.Sprint1.Task6.V11.Lib", "Tyuiu.ReshetovaAA.Sprint1.Task6.V11.Lib\Tyuiu.ReshetovaAA.Sprint1.Task6.V11.Lib.csproj", "{1387330E-3760-4D11-A012-5A80C3A159DB}"
EndProject
Project("{2150E333-8FDC-42A3-9474-1A3956D46DE8}") = "Task7", "Task7", "{EF92F89F-5DD0-40F4-BEFE-EF5EBFE1979E}"
EndProject
Project("{FAE04EC0-301F-11D3-BF4B-00C04F79EFBC}") = "Tyuiu.ReshetovaAA.Sprint1.Task7.V30", "Tyuiu.ReshetovaAA.Sprint1.Task7.V30\Tyuiu.ReshetovaAA.Sprint1.Task7.V30.csproj", "{129E2178-84A8-4DCB-A38C-F147927553A8}"
EndProject
Project("{FAE04EC0-301F-11D3-BF4B-00C04F79EFBC}") = "Tyuiu.ReshetovaAA.Sprint1.Task7.V30.Lib", "Tyuiu.ReshetovaAA.Sprint1.Task7.V30.Lib\Tyuiu.ReshetovaAA.Sprint1.Task7.V30.Lib.csproj", "{7D9030EB-831F-4CEA-ACF1-BBD23C767038}"
EndProject
Project("{FAE04EC0-301F-11D3-BF4B-00C04F79EFBC}") = "Tyuiu.ReshetovaAA.Sprint1.Task7.V30.Test", "Tyuiu.ReshetovaAA.Sprint1.Task7.V30.Test\Tyuiu.ReshetovaAA.Sprint1.Task7.V30.Test.csproj", "{861EDB0B-FDBA-4773-8932-4C5A3957F926}"
EndProject
Global
	GlobalSection(SolutionConfigurationPlatforms) = preSolution
		Debug|Any CPU = Debug|Any CPU
		Release|Any CPU = Release|Any CPU
	EndGlobalSection
	GlobalSection(ProjectConfigurationPlatforms) = postSolution
		{80F8F8E6-F154-445A-8B06-54A1D88C7858}.Debug|Any CPU.ActiveCfg = Debug|Any CPU
		{80F8F8E6-F154-445A-8B06-54A1D88C7858}.Debug|Any CPU.Build.0 = Debug|Any CPU
		{80F8F8E6-F154-445A-8B06-54A1D88C7858}.Release|Any CPU.ActiveCfg = Release|Any CPU
		{80F8F8E6-F154-445A-8B06-54A1D88C7858}.Release|Any CPU.Build.0 = Release|Any CPU
		{01E6667D-3B41-465E-8ADA-C8123C929A90}.Debug|Any CPU.ActiveCfg = Debug|Any CPU
		{01E6667D-3B41-465E-8ADA-C8123C929A90}.Debug|Any CPU.Build.0 = Debug|Any CPU
		{01E6667D-3B41-465E-8ADA-C8123C929A90}.Release|Any CPU.ActiveCfg = Release|Any CPU
		{01E6667D-3B41-465E-8ADA-C8123C929A90}.Release|Any CPU.Build.0 = Release|Any CPU
		{5E8CD871-5AAE-4ABE-B32D-C3FA96C0B3FD}.Debug|Any CPU.ActiveCfg = Debug|Any CPU
		{5E8CD871-5AAE-4ABE-B32D-C3FA96C0B3FD}.Debug|Any CPU.Build.0 = Debug|Any CPU
		{5E8CD871-5AAE-4ABE-B32D-C3FA96C0B3FD}.Release|Any CPU.ActiveCfg = Release|Any CPU
		{5E8CD871-5AAE-4ABE-B32D-C3FA96C0B3FD}.Release|Any CPU.Build.0 = Release|Any CPU
		{F4DEE891-57F0-43E9-A767-D82B7B0A4C82}.Debug|Any CPU.ActiveCfg = Debug|Any CPU
		{F4DEE891-57F0-43E9-A767-D82B7B0A4C82}.Debug|Any CPU.Build.0 = Debug|Any CPU
		{F4DEE891-57F0-43E9-A767-D82B7B0A4C82}.Release|Any CPU.ActiveCfg = Release|Any CPU
		{F4DEE891-57F0-43E9-A767-D82B7B0A4C82}.Release|Any CPU.Build.0 = Release|Any CPU
		{A6A164BF-ACA7-493C-9AFA-B695BFF5A7F8}.Debug|Any CPU.ActiveCfg = Debug|Any CPU
		{A6A164BF-ACA7-493C-9AFA-B695BFF5A7F8}.Debug|Any CPU.Build.0 = Debug|Any CPU
		{A6A164BF-ACA7-493C-9AFA-B695BFF5A7F8}.Release|Any CPU.ActiveCfg = Release|Any CPU
		{A6A164BF-ACA7-493C-9AFA-B695BFF5A7F8}.Release|Any CPU.Build.0 = Release|Any CPU
		{4BC0DCF7-264A-4FE0-A8A7-4ABE6CCD68B2}.Debug|Any CPU.ActiveCfg = Debug|Any CPU
		{4BC0DCF7-264A-4FE0-A8A7-4ABE6CCD68B2}.Debug|Any CPU.Build.0 = Debug|Any CPU
		{4BC0DCF7-264A-4FE0-A8A7-4ABE6CCD68B2}.Release|Any CPU.ActiveCfg = Release|Any CPU
		{4BC0DCF7-264A-4FE0-A8A7-4ABE6CCD68B2}.Release|Any CPU.Build.0 = Release|Any CPU
		{D373A92C-022A-4C20-AA00-8BFC1D7DD5CD}.Debug|Any CPU.ActiveCfg = Debug|Any CPU
		{D373A92C-022A-4C20-AA00-8BFC1D7DD5CD}.Debug|Any CPU.Build.0 = Debug|Any CPU
		{D373A92C-022A-4C20-AA00-8BFC1D7DD5CD}.Release|Any CPU.ActiveCfg = Release|Any CPU
		{D373A92C-022A-4C20-AA00-8BFC1D7DD5CD}.Release|Any CPU.Build.0 = Release|Any CPU
		{95EE110E-C195-48F1-A9B6-851835A2E924}.Debug|Any CPU.ActiveCfg = Debug|Any CPU
		{95EE110E-C195-48F1-A9B6-851835A2E924}.Debug|Any CPU.Build.0 = Debug|Any CPU
		{95EE110E-C195-48F1-A9B6-851835A2E924}.Release|Any CPU.ActiveCfg = Release|Any CPU
		{95EE110E-C195-48F1-A9B6-851835A2E924}.Release|Any CPU.Build.0 = Release|Any CPU
		{5EEBFE63-7685-44FF-840E-8037EE37EC3E}.Debug|Any CPU.ActiveCfg = Debug|Any CPU
		{5EEBFE63-7685-44FF-840E-8037EE37EC3E}.Debug|Any CPU.Build.0 = Debug|Any CPU
		{5EEBFE63-7685-44FF-840E-8037EE37EC3E}.Release|Any CPU.ActiveCfg = Release|Any CPU
		{5EEBFE63-7685-44FF-840E-8037EE37EC3E}.Release|Any CPU.Build.0 = Release|Any CPU
		{D673FEE2-C6C0-49B7-A46D-FBE02972B6ED}.Debug|Any CPU.ActiveCfg = Debug|Any CPU
		{D673FEE2-C6C0-49B7-A46D-FBE02972B6ED}.Debug|Any CPU.Build.0 = Debug|Any CPU
		{D673FEE2-C6C0-49B7-A46D-FBE02972B6ED}.Release|Any CPU.ActiveCfg = Release|Any CPU
		{D673FEE2-C6C0-49B7-A46D-FBE02972B6ED}.Release|Any CPU.Build.0 = Release|Any CPU
		{BC47EB14-6D59-4079-9127-F311565E420E}.Debug|Any CPU.ActiveCfg = Debug|Any CPU
		{BC47EB14-6D59-4079-9127-F311565E420E}.Debug|Any CPU.Build.0 = Debug|Any CPU
		{BC47EB14-6D59-4079-9127-F311565E420E}.Release|Any CPU.ActiveCfg = Release|Any CPU
		{BC47EB14-6D59-4079-9127-F311565E420E}.Release|Any CPU.Build.0 = Release|Any CPU
		{6F78A7CA-6FC6-471A-B873-FC3AECCAAA7E}.Debug|Any CPU.ActiveCfg = Debug|Any CPU
		{6F78A7CA-6FC6-471A-B873-FC3AECCAAA7E}.Debug|Any CPU.Build.0 = Debug|Any CPU
		{6F78A7CA-6FC6-471A-B873-FC3AECCAAA7E}.Release|Any CPU.ActiveCfg = Release|Any CPU
		{6F78A7CA-6FC6-471A-B873-FC3AECCAAA7E}.Release|Any CPU.Build.0 = Release|Any CPU
		{B558F8F5-EBBD-4A38-AC8C-25655A7FAC31}.Debug|Any CPU.ActiveCfg = Debug|Any CPU
		{B558F8F5-EBBD-4A38-AC8C-25655A7FAC31}.Debug|Any CPU.Build.0 = Debug|Any CPU
		{B558F8F5-EBBD-4A38-AC8C-25655A7FAC31}.Release|Any CPU.ActiveCfg = Release|Any CPU
		{B558F8F5-EBBD-4A38-AC8C-25655A7FAC31}.Release|Any CPU.Build.0 = Release|Any CPU
		{B48CEFD3-D912-4E53-8EDE-B4A693BAA8D4}.Debug|Any CPU.ActiveCfg = Debug|Any CPU
		{B48CEFD3-D912-4E53-8EDE-B4A693BAA8D4}.Debug|Any CPU.Build.0 = Debug|Any CPU
		{B48CEFD3-D912-4E53-8EDE-B4A693BAA8D4}.Release|Any CPU.ActiveCfg = Release|Any CPU
		{B48CEFD3-D912-4E53-8EDE-B4A693BAA8D4}.Release|Any CPU.Build.0 = Release|Any CPU
		{731DCF50-F20B-4921-919E-DA7658FDF197}.Debug|Any CPU.ActiveCfg = Debug|Any CPU
		{731DCF50-F20B-4921-919E-DA7658FDF197}.Debug|Any CPU.Build.0 = Debug|Any CPU
		{731DCF50-F20B-4921-919E-DA7658FDF197}.Release|Any CPU.ActiveCfg = Release|Any CPU
		{731DCF50-F20B-4921-919E-DA7658FDF197}.Release|Any CPU.Build.0 = Release|Any CPU
		{ED993EC9-708E-4021-A473-007E3919F969}.Debug|Any CPU.ActiveCfg = Debug|Any CPU
		{ED993EC9-708E-4021-A473-007E3919F969}.Debug|Any CPU.Build.0 = Debug|Any CPU
		{ED993EC9-708E-4021-A473-007E3919F969}.Release|Any CPU.ActiveCfg = Release|Any CPU
		{ED993EC9-708E-4021-A473-007E3919F969}.Release|Any CPU.Build.0 = Release|Any CPU
		{4A5C1077-23D1-4538-82C1-455E2382E7B5}.Debug|Any CPU.ActiveCfg = Debug|Any CPU
		{4A5C1077-23D1-4538-82C1-455E2382E7B5}.Debug|Any CPU.Build.0 = Debug|Any CPU
		{4A5C1077-23D1-4538-82C1-455E2382E7B5}.Release|Any CPU.ActiveCfg = Release|Any CPU
		{4A5C1077-23D1-4538-82C1-455E2382E7B5}.Release|Any CPU.Build.0 = Release|Any CPU
		{BEA9567B-048D-4B36-846F-BCBAE314C67F}.Debug|Any CPU.ActiveCfg = Debug|Any CPU
		{BEA9567B-048D-4B36-846F-BCBAE314C67F}.Debug|Any CPU.Build.0 = Debug|Any CPU
		{BEA9567B-048D-4B36-846F-BCBAE314C67F}.Release|Any CPU.ActiveCfg = Release|Any CPU
		{BEA9567B-048D-4B36-846F-BCBAE314C67F}.Release|Any CPU.Build.0 = Release|Any CPU
		{0BFD2305-0402-45D5-9071-C74BDBD7ECFA}.Debug|Any CPU.ActiveCfg = Debug|Any CPU
		{0BFD2305-0402-45D5-9071-C74BDBD7ECFA}.Debug|Any CPU.Build.0 = Debug|Any CPU
		{0BFD2305-0402-45D5-9071-C74BDBD7ECFA}.Release|Any CPU.ActiveCfg = Release|Any CPU
		{0BFD2305-0402-45D5-9071-C74BDBD7ECFA}.Release|Any CPU.Build.0 = Release|Any CPU
		{102E9591-DFBF-4659-BD3A-F9DD95261C07}.Debug|Any CPU.ActiveCfg = Debug|Any CPU
		{102E9591-DFBF-4659-BD3A-F9DD95261C07}.Debug|Any CPU.Build.0 = Debug|Any CPU
		{102E9591-DFBF-4659-BD3A-F9DD95261C07}.Release|Any CPU.ActiveCfg = Release|Any CPU
		{102E9591-DFBF-4659-BD3A-F9DD95261C07}.Release|Any CPU.Build.0 = Release|Any CPU
		{1387330E-3760-4D11-A012-5A80C3A159DB}.Debug|Any CPU.ActiveCfg = Debug|Any CPU
		{1387330E-3760-4D11-A012-5A80C3A159DB}.Debug|Any CPU.Build.0 = Debug|Any CPU
		{1387330E-3760-4D11-A012-5A80C3A159DB}.Release|Any CPU.ActiveCfg = Release|Any CPU
		{1387330E-3760-4D11-A012-5A80C3A159DB}.Release|Any CPU.Build.0 = Release|Any CPU
		{129E2178-84A8-4DCB-A38C-F147927553A8}.Debug|Any CPU.ActiveCfg = Debug|Any CPU
		{129E2178-84A8-4DCB-A38C-F147927553A8}.Debug|Any CPU.Build.0 = Debug|Any CPU
		{129E2178-84A8-4DCB-A38C-F147927553A8}.Release|Any CPU.ActiveCfg = Release|Any CPU
		{129E2178-84A8-4DCB-A38C-F147927553A8}.Release|Any CPU.Build.0 = Release|Any CPU
		{7D9030EB-831F-4CEA-ACF1-BBD23C767038}.Debug|Any CPU.ActiveCfg = Debug|Any CPU
		{7D9030EB-831F-4CEA-ACF1-BBD23C767038}.Debug|Any CPU.Build.0 = Debug|Any CPU
		{7D9030EB-831F-4CEA-ACF1-BBD23C767038}.Release|Any CPU.ActiveCfg = Release|Any CPU
		{7D9030EB-831F-4CEA-ACF1-BBD23C767038}.Release|Any CPU.Build.0 = Release|Any CPU
		{861EDB0B-FDBA-4773-8932-4C5A3957F926}.Debug|Any CPU.ActiveCfg = Debug|Any CPU
		{861EDB0B-FDBA-4773-8932-4C5A3957F926}.Debug|Any CPU.Build.0 = Debug|Any CPU
		{861EDB0B-FDBA-4773-8932-4C5A3957F926}.Release|Any CPU.ActiveCfg = Release|Any CPU
		{861EDB0B-FDBA-4773-8932-4C5A3957F926}.Release|Any CPU.Build.0 = Release|Any CPU
	EndGlobalSection
	GlobalSection(SolutionProperties) = preSolution
		HideSolutionNode = FALSE
	EndGlobalSection
	GlobalSection(NestedProjects) = preSolution
		{80F8F8E6-F154-445A-8B06-54A1D88C7858} = {02EA681E-C7D8-13C7-8484-4AC65E1B71E8}
		{01E6667D-3B41-465E-8ADA-C8123C929A90} = {02EA681E-C7D8-13C7-8484-4AC65E1B71E8}
		{5E8CD871-5AAE-4ABE-B32D-C3FA96C0B3FD} = {02EA681E-C7D8-13C7-8484-4AC65E1B71E8}
		{F4DEE891-57F0-43E9-A767-D82B7B0A4C82} = {CDBA3B0C-9C67-40EC-A215-8AC6E5B4571B}
		{A6A164BF-ACA7-493C-9AFA-B695BFF5A7F8} = {CDBA3B0C-9C67-40EC-A215-8AC6E5B4571B}
		{4BC0DCF7-264A-4FE0-A8A7-4ABE6CCD68B2} = {CDBA3B0C-9C67-40EC-A215-8AC6E5B4571B}
		{D373A92C-022A-4C20-AA00-8BFC1D7DD5CD} = {E7BCD8C4-0174-44CB-8278-C450147C6CA4}
		{95EE110E-C195-48F1-A9B6-851835A2E924} = {E7BCD8C4-0174-44CB-8278-C450147C6CA4}
		{5EEBFE63-7685-44FF-840E-8037EE37EC3E} = {E7BCD8C4-0174-44CB-8278-C450147C6CA4}
		{D673FEE2-C6C0-49B7-A46D-FBE02972B6ED} = {76E53101-0A11-40D7-9EDD-B0599E37ADD0}
		{BC47EB14-6D59-4079-9127-F311565E420E} = {76E53101-0A11-40D7-9EDD-B0599E37ADD0}
		{6F78A7CA-6FC6-471A-B873-FC3AECCAAA7E} = {76E53101-0A11-40D7-9EDD-B0599E37ADD0}
		{B558F8F5-EBBD-4A38-AC8C-25655A7FAC31} = {9807D046-90A4-463E-AADA-A2A8BBA1D3D1}
		{B48CEFD3-D912-4E53-8EDE-B4A693BAA8D4} = {9807D046-90A4-463E-AADA-A2A8BBA1D3D1}
		{731DCF50-F20B-4921-919E-DA7658FDF197} = {9807D046-90A4-463E-AADA-A2A8BBA1D3D1}
		{ED993EC9-708E-4021-A473-007E3919F969} = {7A072EBB-E943-4AB3-8B31-4A224601779C}
		{4A5C1077-23D1-4538-82C1-455E2382E7B5} = {7A072EBB-E943-4AB3-8B31-4A224601779C}
		{BEA9567B-048D-4B36-846F-BCBAE314C67F} = {7A072EBB-E943-4AB3-8B31-4A224601779C}
		{0BFD2305-0402-45D5-9071-C74BDBD7ECFA} = {62E9FDE4-ECD8-4136-B298-BC8CF2AC0686}
		{102E9591-DFBF-4659-BD3A-F9DD95261C07} = {62E9FDE4-ECD8-4136-B298-BC8CF2AC0686}
		{1387330E-3760-4D11-A012-5A80C3A159DB} = {62E9FDE4-ECD8-4136-B298-BC8CF2AC0686}
		{129E2178-84A8-4DCB-A38C-F147927553A8} = {EF92F89F-5DD0-40F4-BEFE-EF5EBFE1979E}
		{7D9030EB-831F-4CEA-ACF1-BBD23C767038} = {EF92F89F-5DD0-40F4-BEFE-EF5EBFE1979E}
		{861EDB0B-FDBA-4773-8932-4C5A3957F926} = {EF92F89F-5DD0-40F4-BEFE-EF5EBFE1979E}
	EndGlobalSection
	GlobalSection(ExtensibilityGlobals) = postSolution
		SolutionGuid = {7D627121-1208-455B-8B4A-3E8CEDA4395B}
	EndGlobalSection
EndGlobal
