
Microsoft Visual Studio Solution File, Format Version 12.00
# Visual Studio Version 17
VisualStudioVersion = 17.14.36518.9 d17.14
MinimumVisualStudioVersion = 10.0.40219.1
Project("{2150E333-8FDC-42A3-9474-1A3956D46DE8}") = "Task0", "Task0", "{02EA681E-C7D8-13C7-8484-4AC65E1B71E8}"
EndProject
Project("{FAE04EC0-301F-11D3-BF4B-00C04F79EFBC}") = "Tyuiu.ReshetovaAA.Sprint1.Task0.V26", "Tyuiu.ReshetovaAA.Sprint1.Task0.V26\Tyuiu.ReshetovaAA.Sprint1.Task0.V26.csproj", "{80F8F8E6-F154-445A-8B06-54A1D88C7858}"
EndProject
Project("{FAE04EC0-301F-11D3-BF4B-00C04F79EFBC}") = "Tyuiu.ReshetovaAA.Sprint1.Task0.V26.Lib", "Tyuiu.ReshetovaAA.Sprint1.Task0.V26.Lib\Tyuiu.ReshetovaAA.Sprint1.Task0.V26.Lib.csproj", "{01E6667D-3B41-465E-8ADA-C8123C929A90}"
EndProject
Project("{FAE04EC0-301F-11D3-BF4B-00C04F79EFBC}") = "Tyuiu.ReshetovaAA.Sprint1.Task0.V26.Test", "Tyuiu.ReshetovaAA.Sprint1.Task0.V26.Test\Tyuiu.ReshetovaAA.Sprint1.Task0.V26.Test.csproj", "{5E8CD871-5AAE-4ABE-B32D-C3FA96C0B3FD}"
EndProject
Project("{2150E333-8FDC-42A3-9474-1A3956D46DE8}") = "Task1", "Task1", "{CDBA3B0C-9C67-40EC-A215-8AC6E5B4571B}"
EndProject
Project("{FAE04EC0-301F-11D3-BF4B-00C04F79EFBC}") = "Tyuiu.ReshetovaAA.Sprint1.Task1.V22", "Tyuiu.ReshetovaAA.Sprint1.Task1.V22\Tyuiu.ReshetovaAA.Sprint1.Task1.V22.csproj", "{F4DEE891-57F0-43E9-A767-D82B7B0A4C82}"
EndProject
Project("{FAE04EC0-301F-11D3-BF4B-00C04F79EFBC}") = "Tyuiu.ReshetovaAA.Sprint1.Task1.V22.Lib", "Tyuiu.ReshetovaAA.Sprint1.Task1.V22.Lib\Tyuiu.ReshetovaAA.Sprint1.Task1.V22.Lib.csproj", "{A6A164BF-ACA7-493C-9AFA-B695BFF5A7F8}"
EndProject
Project("{FAE04EC0-301F-11D3-BF4B-00C04F79EFBC}") = "Tyuiu.ReshetovaAA.Sprint1.Task1.V22.Test", "Tyuiu.ReshetovaAA.Sprint1.Task1.V22.Test\Tyuiu.ReshetovaAA.Sprint1.Task1.V22.Test.csproj", "{4BC0DCF7-264A-4FE0-A8A7-4ABE6CCD68B2}"
EndProject
Global
	GlobalSection(SolutionConfigurationPlatforms) = preSolution
		Debug|Any CPU = Debug|Any CPU
		Release|Any CPU = Release|Any CPU
	EndGlobalSection
	GlobalSection(ProjectConfigurationPlatforms) = postSolution
		{80F8F8E6-F154-445A-8B06-54A1D88C7858}.Debug|Any CPU.ActiveCfg = Debug|Any CPU
		{80F8F8E6-F154-445A-8B06-54A1D88C7858}.Debug|Any CPU.Build.0 = Debug|Any CPU
		{80F8F8E6-F154-445A-8B06-54A1D88C7858}.Release|Any CPU.ActiveCfg = Release|Any CPU
		{80F8F8E6-F154-445A-8B06-54A1D88C7858}.Release|Any CPU.Build.0 = Release|Any CPU
		{01E6667D-3B41-465E-8ADA-C8123C929A90}.Debug|Any CPU.ActiveCfg = Debug|Any CPU
		{01E6667D-3B41-465E-8ADA-C8123C929A90}.Debug|Any CPU.Build.0 = Debug|Any CPU
		{01E6667D-3B41-465E-8ADA-C8123C929A90}.Release|Any CPU.ActiveCfg = Release|Any CPU
		{01E6667D-3B41-465E-8ADA-C8123C929A90}.Release|Any CPU.Build.0 = Release|Any CPU
		{5E8CD871-5AAE-4ABE-B32D-C3FA96C0B3FD}.Debug|Any CPU.ActiveCfg = Debug|Any CPU
		{5E8CD871-5AAE-4ABE-B32D-C3FA96C0B3FD}.Debug|Any CPU.Build.0 = Debug|Any CPU
		{5E8CD871-5AAE-4ABE-B32D-C3FA96C0B3FD}.Release|Any CPU.ActiveCfg = Release|Any CPU
		{5E8CD871-5AAE-4ABE-B32D-C3FA96C0B3FD}.Release|Any CPU.Build.0 = Release|Any CPU
		{F4DEE891-57F0-43E9-A767-D82B7B0A4C82}.Debug|Any CPU.ActiveCfg = Debug|Any CPU
		{F4DEE891-57F0-43E9-A767-D82B7B0A4C82}.Debug|Any CPU.Build.0 = Debug|Any CPU
		{F4DEE891-57F0-43E9-A767-D82B7B0A4C82}.Release|Any CPU.ActiveCfg = Release|Any CPU
		{F4DEE891-57F0-43E9-A767-D82B7B0A4C82}.Release|Any CPU.Build.0 = Release|Any CPU
		{A6A164BF-ACA7-493C-9AFA-B695BFF5A7F8}.Debug|Any CPU.ActiveCfg = Debug|Any CPU
		{A6A164BF-ACA7-493C-9AFA-B695BFF5A7F8}.Debug|Any CPU.Build.0 = Debug|Any CPU
		{A6A164BF-ACA7-493C-9AFA-B695BFF5A7F8}.Release|Any CPU.ActiveCfg = Release|Any CPU
		{A6A164BF-ACA7-493C-9AFA-B695BFF5A7F8}.Release|Any CPU.Build.0 = Release|Any CPU
		{4BC0DCF7-264A-4FE0-A8A7-4ABE6CCD68B2}.Debug|Any CPU.ActiveCfg = Debug|Any CPU
		{4BC0DCF7-264A-4FE0-A8A7-4ABE6CCD68B2}.Debug|Any CPU.Build.0 = Debug|Any CPU
		{4BC0DCF7-264A-4FE0-A8A7-4ABE6CCD68B2}.Release|Any CPU.ActiveCfg = Release|Any CPU
		{4BC0DCF7-264A-4FE0-A8A7-4ABE6CCD68B2}.Release|Any CPU.Build.0 = Release|Any CPU
	EndGlobalSection
	GlobalSection(SolutionProperties) = preSolution
		HideSolutionNode = FALSE
	EndGlobalSection
	GlobalSection(NestedProjects) = preSolution
		{80F8F8E6-F154-445A-8B06-54A1D88C7858} = {02EA681E-C7D8-13C7-8484-4AC65E1B71E8}
		{01E6667D-3B41-465E-8ADA-C8123C929A90} = {02EA681E-C7D8-13C7-8484-4AC65E1B71E8}
		{5E8CD871-5AAE-4ABE-B32D-C3FA96C0B3FD} = {02EA681E-C7D8-13C7-8484-4AC65E1B71E8}
		{F4DEE891-57F0-43E9-A767-D82B7B0A4C82} = {CDBA3B0C-9C67-40EC-A215-8AC6E5B4571B}
		{A6A164BF-ACA7-493C-9AFA-B695BFF5A7F8} = {CDBA3B0C-9C67-40EC-A215-8AC6E5B4571B}
		{4BC0DCF7-264A-4FE0-A8A7-4ABE6CCD68B2} = {CDBA3B0C-9C67-40EC-A215-8AC6E5B4571B}
	EndGlobalSection
	GlobalSection(ExtensibilityGlobals) = postSolution
		SolutionGuid = {7D627121-1208-455B-8B4A-3E8CEDA4395B}
	EndGlobalSection
EndGlobal
